{
  "current_commit": "116c4484ff212a8ae3ee66cbd269ec57c5757738",
  "working_tree_dirty": true,
  "generated_at": "2026-08-12T06:42:54Z",
  "scanned_scope": [
    "."
  ],
  "excluded_directories": [
    ".cache",
    ".git",
    ".hg",
    ".next",
    ".nuxt",
    ".scratch",
    ".svn",
    ".turbo",
    ".venv",
    "__pycache__",
    "build",
    "coverage",
    "dist",
    "docs/codemap",
    "generated",
    "node_modules",
    "out",
    "target",
    "vendor",
    "venv"
  ],
  "fingerprint_algorithm": "sha256-path-content-v1",
  "modules": [
    {
      "id": ".",
      "path": ".",
      "file_count": 5,
      "fingerprint": "ad07ff60908709193df5932199eb3c6dc70bab06bcd8b379d82ed0f2713a9f05"
    },
    {
      "id": ".github",
      "path": ".github",
      "file_count": 1,
      "fingerprint": "b2d0daccf5c461b75ba47f3664665cd0a117e038073014f766580e44df0ed62d"
    },
    {
      "id": ".vscode",
      "path": ".vscode",
      "file_count": 1,
      "fingerprint": "f130bb9e12d45f3a0a33c8777b41c9c7430baa0f805d394ff44da4d9970a4c7c"
    },
    {
      "id": "SKILLS",
      "path": "SKILLS",
      "file_count": 28,
      "fingerprint": "475cbc42dd4694aa9528859849c2c7b5eeb66aae95bff58e61f97eb30378d6e2"
    },
    {
      "id": "assets",
      "path": "assets",
      "file_count": 2,
      "fingerprint": "374931dd86e5e682f1a9f923527562a5926b9650f06bea05b7a4b3e8874752f4"
    },
    {
      "id": "docs",
      "path": "docs",
      "file_count": 1,
      "fingerprint": "a777ada3827fa4630ededaa7820d3b43caf85e784a088752f5d80aac6a6b3fb2"
    },
    {
      "id": "evals",
      "path": "evals",
      "file_count": 2,
      "fingerprint": "d3bf88ca489c4cb9ab6ce35d0950bb7a8cae6ab26c3ac5a500e40cf6f7e24a57"
    },
    {
      "id": "scripts",
      "path": "scripts",
      "file_count": 5,
      "fingerprint": "57e7b2825995b58485478a79b9bae0970995af6da0066d237d232e77b83932ae"
    },
    {
      "id": "tests",
      "path": "tests",
      "file_count": 9,
      "fingerprint": "fa43dd4a8ddabd02108b908a2eb8f5e9b0e4002edc70bc16ed6ff112d7fd5d9f"
    }
  ]
}
