{
  "source_commit": "19721cb018aeea9afff684c89b94b0ff6ae10dd1",
  "working_tree_dirty": true,
  "generated_at": "2026-08-15T05:08:02Z",
  "scanned_scope": [
    "."
  ],
  "excluded_directories": [
    ".cache",
    ".git",
    ".hg",
    ".next",
    ".nuxt",
    ".scratch",
    ".svn",
    ".turbo",
    ".venv",
    "__pycache__",
    "build",
    "coverage",
    "dist",
    "docs/codemap",
    "generated",
    "node_modules",
    "out",
    "target",
    "vendor",
    "venv"
  ],
  "fingerprint_algorithm": "sha256-path-content-v1",
  "modules": [
    {
      "id": ".",
      "path": ".",
      "file_count": 6,
      "fingerprint": "57a0f0afe48477c881a9217fb9a4db7aedccfe72cf9ed804f8be49f2ab092aa1"
    },
    {
      "id": ".github",
      "path": ".github",
      "file_count": 1,
      "fingerprint": "bc8ddb7b0c9c0f1173626f73ca2231fe71a9d9887a023966b13fdff0ee418856"
    },
    {
      "id": ".vscode",
      "path": ".vscode",
      "file_count": 2,
      "fingerprint": "1213f51814849d78d44dc50fb515ba1c193c0ee05cc900a5a510b6ba647373a7"
    },
    {
      "id": "SKILLS",
      "path": "SKILLS",
      "file_count": 29,
      "fingerprint": "9aeb3b5edd3b10e9c922bb1269d0740c9be65f1af282dacd0714d9715691c1fd"
    },
    {
      "id": "assets",
      "path": "assets",
      "file_count": 2,
      "fingerprint": "374931dd86e5e682f1a9f923527562a5926b9650f06bea05b7a4b3e8874752f4"
    },
    {
      "id": "docs",
      "path": "docs",
      "file_count": 5,
      "fingerprint": "ffeedfa22bc3848b316c9107e2c1dec691ddfb768e3c0e943357f4b2036123a7"
    },
    {
      "id": "evals",
      "path": "evals",
      "file_count": 2,
      "fingerprint": "d3bf88ca489c4cb9ab6ce35d0950bb7a8cae6ab26c3ac5a500e40cf6f7e24a57"
    },
    {
      "id": "scripts",
      "path": "scripts",
      "file_count": 5,
      "fingerprint": "57e7b2825995b58485478a79b9bae0970995af6da0066d237d232e77b83932ae"
    },
    {
      "id": "tests",
      "path": "tests",
      "file_count": 9,
      "fingerprint": "222bd07950f7b1f03222c25c59723503298f01489ce82e25b3a0b669ed242669"
    }
  ]
}
